
Microsoft Visual Studio Solution File, Format Version 12.00
# Visual Studio Version 16
VisualStudioVersion = 16.0.31129.286
MinimumVisualStudioVersion = 10.0.40219.1
Project("{FAE04EC0-301F-11D3-BF4B-00C04F79EFBC}") = "MVCRouting", "MVCRouting\MVCRouting.csproj", "{A9F83FE4-B083-459D-B663-8636EE3C3D28}"
EndProject
Global
	GlobalSection(SolutionConfigurationPlatforms) = preSolution
		Debug|Any CPU = Debug|Any CPU
		Release|Any CPU = Release|Any CPU
	EndGlobalSection
	GlobalSection(ProjectConfigurationPlatforms) = postSolution
		{A9F83FE4-B083-459D-B663-8636EE3C3D28}.Debug|Any CPU.ActiveCfg = Debug|Any CPU
		{A9F83FE4-B083-459D-B663-8636EE3C3D28}.Debug|Any CPU.Build.0 = Debug|Any CPU
		{A9F83FE4-B083-459D-B663-8636EE3C3D28}.Release|Any CPU.ActiveCfg = Release|Any CPU
		{A9F83FE4-B083-459D-B663-8636EE3C3D28}.Release|Any CPU.Build.0 = Release|Any CPU
	EndGlobalSection
	GlobalSection(SolutionProperties) = preSolution
		HideSolutionNode = FALSE
	EndGlobalSection
	GlobalSection(ExtensibilityGlobals) = postSolution
		SolutionGuid = {05293DCA-2E60-470D-ABA0-173987A887A4}
	EndGlobalSection
EndGlobal
