
Microsoft Visual Studio Solution File, Format Version 12.00
# Visual Studio Version 16
VisualStudioVersion = 16.0.31321.278
MinimumVisualStudioVersion = 10.0.40219.1
Project("{FAE04EC0-301F-11D3-BF4B-00C04F79EFBC}") = "Authentication", "Authentication\Authentication.csproj", "{5FD3BCD1-7460-4E75-AE56-C906BA4FBCE1}"
EndProject
Global
	GlobalSection(SolutionConfigurationPlatforms) = preSolution
		Debug|Any CPU = Debug|Any CPU
		Release|Any CPU = Release|Any CPU
	EndGlobalSection
	GlobalSection(ProjectConfigurationPlatforms) = postSolution
		{5FD3BCD1-7460-4E75-AE56-C906BA4FBCE1}.Debug|Any CPU.ActiveCfg = Debug|Any CPU
		{5FD3BCD1-7460-4E75-AE56-C906BA4FBCE1}.Debug|Any CPU.Build.0 = Debug|Any CPU
		{5FD3BCD1-7460-4E75-AE56-C906BA4FBCE1}.Release|Any CPU.ActiveCfg = Release|Any CPU
		{5FD3BCD1-7460-4E75-AE56-C906BA4FBCE1}.Release|Any CPU.Build.0 = Release|Any CPU
	EndGlobalSection
	GlobalSection(SolutionProperties) = preSolution
		HideSolutionNode = FALSE
	EndGlobalSection
	GlobalSection(ExtensibilityGlobals) = postSolution
		SolutionGuid = {8F5E33C2-AEE7-439F-A4EE-4D4101B61641}
	EndGlobalSection
EndGlobal
